// !$*UTF8*$!
{
	archiveVersion = 1;
	classes = {
	};
	objectVersion = 46;
	objects = {

/* Begin PBXAggregateTarget section */
		005887351226360800292C90 /* Run make to build framework */ = {
			isa = PBXAggregateTarget;
			buildConfigurationList = 005887381226363300292C90 /* Build configuration list for PBXAggregateTarget "Run make to build framework" */;
			buildPhases = (
				005887341226360800292C90 /* ShellScript */,
			);
			dependencies = (
			);
			name = "Run make to build framework";
			productName = "Run make to build";
		};
/* End PBXAggregateTarget section */

/* Begin PBXBuildFile section */
		003DE13411BEF6F4007BD538 /* libYAJLiOSSimulator.a in Frameworks */ = {isa = PBXBuildFile; fileRef = 006597AC11BEEF4800E89ABD /* libYAJLiOSSimulator.a */; };
		00471EFC12263B3700E8A306 /* NSBundle+YAJL.h in CopyFiles */ = {isa = PBXBuildFile; fileRef = 00C113F412111824009C9B51 /* NSBundle+YAJL.h */; };
		0052CD67126EABC10049CF17 /* yajl.c in Sources */ = {isa = PBXBuildFile; fileRef = 0052CD55126EABC10049CF17 /* yajl.c */; };
		0052CD68126EABC10049CF17 /* yajl_alloc.c in Sources */ = {isa = PBXBuildFile; fileRef = 0052CD56126EABC10049CF17 /* yajl_alloc.c */; };
		0052CD69126EABC10049CF17 /* yajl_alloc.h in Headers */ = {isa = PBXBuildFile; fileRef = 0052CD57126EABC10049CF17 /* yajl_alloc.h */; };
		0052CD6A126EABC10049CF17 /* yajl_buf.c in Sources */ = {isa = PBXBuildFile; fileRef = 0052CD58126EABC10049CF17 /* yajl_buf.c */; };
		0052CD6B126EABC10049CF17 /* yajl_buf.h in Headers */ = {isa = PBXBuildFile; fileRef = 0052CD59126EABC10049CF17 /* yajl_buf.h */; };
		0052CD6C126EABC10049CF17 /* yajl_bytestack.h in Headers */ = {isa = PBXBuildFile; fileRef = 0052CD5A126EABC10049CF17 /* yajl_bytestack.h */; };
		0052CD6D126EABC10049CF17 /* yajl_encode.c in Sources */ = {isa = PBXBuildFile; fileRef = 0052CD5B126EABC10049CF17 /* yajl_encode.c */; };
		0052CD6E126EABC10049CF17 /* yajl_encode.h in Headers */ = {isa = PBXBuildFile; fileRef = 0052CD5C126EABC10049CF17 /* yajl_encode.h */; };
		0052CD6F126EABC10049CF17 /* yajl_gen.c in Sources */ = {isa = PBXBuildFile; fileRef = 0052CD5D126EABC10049CF17 /* yajl_gen.c */; };
		0052CD70126EABC10049CF17 /* yajl_lex.c in Sources */ = {isa = PBXBuildFile; fileRef = 0052CD5E126EABC10049CF17 /* yajl_lex.c */; };
		0052CD71126EABC10049CF17 /* yajl_lex.h in Headers */ = {isa = PBXBuildFile; fileRef = 0052CD5F126EABC10049CF17 /* yajl_lex.h */; };
		0052CD72126EABC10049CF17 /* yajl_parser.c in Sources */ = {isa = PBXBuildFile; fileRef = 0052CD60126EABC10049CF17 /* yajl_parser.c */; };
		0052CD73126EABC10049CF17 /* yajl_parser.h in Headers */ = {isa = PBXBuildFile; fileRef = 0052CD61126EABC10049CF17 /* yajl_parser.h */; };
		0052CD74126EABC10049CF17 /* yajl_version.c in Sources */ = {isa = PBXBuildFile; fileRef = 0052CD62126EABC10049CF17 /* yajl_version.c */; };
		0052CD79126EABC10049CF17 /* yajl.c in Sources */ = {isa = PBXBuildFile; fileRef = 0052CD55126EABC10049CF17 /* yajl.c */; };
		0052CD7A126EABC10049CF17 /* yajl_alloc.c in Sources */ = {isa = PBXBuildFile; fileRef = 0052CD56126EABC10049CF17 /* yajl_alloc.c */; };
		0052CD7B126EABC10049CF17 /* yajl_alloc.h in Headers */ = {isa = PBXBuildFile; fileRef = 0052CD57126EABC10049CF17 /* yajl_alloc.h */; };
		0052CD7C126EABC10049CF17 /* yajl_buf.c in Sources */ = {isa = PBXBuildFile; fileRef = 0052CD58126EABC10049CF17 /* yajl_buf.c */; };
		0052CD7D126EABC10049CF17 /* yajl_buf.h in Headers */ = {isa = PBXBuildFile; fileRef = 0052CD59126EABC10049CF17 /* yajl_buf.h */; };
		0052CD7E126EABC10049CF17 /* yajl_bytestack.h in Headers */ = {isa = PBXBuildFile; fileRef = 0052CD5A126EABC10049CF17 /* yajl_bytestack.h */; };
		0052CD7F126EABC10049CF17 /* yajl_encode.c in Sources */ = {isa = PBXBuildFile; fileRef = 0052CD5B126EABC10049CF17 /* yajl_encode.c */; };
		0052CD80126EABC10049CF17 /* yajl_encode.h in Headers */ = {isa = PBXBuildFile; fileRef = 0052CD5C126EABC10049CF17 /* yajl_encode.h */; };
		0052CD81126EABC10049CF17 /* yajl_gen.c in Sources */ = {isa = PBXBuildFile; fileRef = 0052CD5D126EABC10049CF17 /* yajl_gen.c */; };
		0052CD82126EABC10049CF17 /* yajl_lex.c in Sources */ = {isa = PBXBuildFile; fileRef = 0052CD5E126EABC10049CF17 /* yajl_lex.c */; };
		0052CD83126EABC10049CF17 /* yajl_lex.h in Headers */ = {isa = PBXBuildFile; fileRef = 0052CD5F126EABC10049CF17 /* yajl_lex.h */; };
		0052CD84126EABC10049CF17 /* yajl_parser.c in Sources */ = {isa = PBXBuildFile; fileRef = 0052CD60126EABC10049CF17 /* yajl_parser.c */; };
		0052CD85126EABC10049CF17 /* yajl_parser.h in Headers */ = {isa = PBXBuildFile; fileRef = 0052CD61126EABC10049CF17 /* yajl_parser.h */; };
		0052CD86126EABC10049CF17 /* yajl_version.c in Sources */ = {isa = PBXBuildFile; fileRef = 0052CD62126EABC10049CF17 /* yajl_version.c */; };
		005886741226319D00292C90 /* GHNSBundle+Utils.h in Headers */ = {isa = PBXBuildFile; fileRef = 005886721226319D00292C90 /* GHNSBundle+Utils.h */; };
		005886751226319D00292C90 /* GHNSBundle+Utils.m in Sources */ = {isa = PBXBuildFile; fileRef = 005886731226319D00292C90 /* GHNSBundle+Utils.m */; };
		005886761226319D00292C90 /* GHNSBundle+Utils.h in Headers */ = {isa = PBXBuildFile; fileRef = 005886721226319D00292C90 /* GHNSBundle+Utils.h */; };
		005886771226319D00292C90 /* GHNSBundle+Utils.m in Sources */ = {isa = PBXBuildFile; fileRef = 005886731226319D00292C90 /* GHNSBundle+Utils.m */; };
		005886941226329100292C90 /* NSBundleTest.m in Sources */ = {isa = PBXBuildFile; fileRef = 0066FE7F12262CF7009247B0 /* NSBundleTest.m */; };
		005886AB1226333300292C90 /* CoreGraphics.framework in Frameworks */ = {isa = PBXBuildFile; fileRef = 005886AA1226333300292C90 /* CoreGraphics.framework */; };
		005886B21226334500292C90 /* UIKit.framework in Frameworks */ = {isa = PBXBuildFile; fileRef = 005886B11226334500292C90 /* UIKit.framework */; };
		005886C81226337500292C90 /* Foundation.framework in Frameworks */ = {isa = PBXBuildFile; fileRef = 005886C71226337500292C90 /* Foundation.framework */; };
		005886E41226339500292C90 /* GHUnitIOS.framework in Frameworks */ = {isa = PBXBuildFile; fileRef = 005886E31226339500292C90 /* GHUnitIOS.framework */; };
		0058870E1226353B00292C90 /* main.m in Sources */ = {isa = PBXBuildFile; fileRef = 0058870D1226353B00292C90 /* main.m */; };
		0065975A11BEEF4000E89ABD /* YAJLiOS_Prefix.pch in Headers */ = {isa = PBXBuildFile; fileRef = AA747D9E0F9514B9006C5449 /* YAJLiOS_Prefix.pch */; };
		0065975B11BEEF4000E89ABD /* YAJLDocument.h in Headers */ = {isa = PBXBuildFile; fileRef = 00C404FE0FE77661003CE908 /* YAJLDocument.h */; };
		0065975C11BEEF4000E89ABD /* YAJLParser.h in Headers */ = {isa = PBXBuildFile; fileRef = 00C405000FE77661003CE908 /* YAJLParser.h */; };
		0065975D11BEEF4000E89ABD /* NSObject+YAJL.h in Headers */ = {isa = PBXBuildFile; fileRef = 005BF2D110185B3000C35A81 /* NSObject+YAJL.h */; };
		0065975E11BEEF4000E89ABD /* YAJL.h in Headers */ = {isa = PBXBuildFile; fileRef = 005BF2D510185B3000C35A81 /* YAJL.h */; };
		0065975F11BEEF4000E89ABD /* YAJLGen.h in Headers */ = {isa = PBXBuildFile; fileRef = 005BF2D610185B3000C35A81 /* YAJLGen.h */; };
		0065976011BEEF4000E89ABD /* GTMBase64.h in Headers */ = {isa = PBXBuildFile; fileRef = 00AC534A1098F478002B5508 /* GTMBase64.h */; };
		0065976B11BEEF4000E89ABD /* YAJLDocument.m in Sources */ = {isa = PBXBuildFile; fileRef = 00C404FF0FE77661003CE908 /* YAJLDocument.m */; };
		0065976C11BEEF4000E89ABD /* YAJLParser.m in Sources */ = {isa = PBXBuildFile; fileRef = 00C405010FE77661003CE908 /* YAJLParser.m */; };
		0065976D11BEEF4000E89ABD /* NSObject+YAJL.m in Sources */ = {isa = PBXBuildFile; fileRef = 005BF2D210185B3000C35A81 /* NSObject+YAJL.m */; };
		0065976E11BEEF4000E89ABD /* YAJLGen.m in Sources */ = {isa = PBXBuildFile; fileRef = 005BF2D710185B3000C35A81 /* YAJLGen.m */; };
		0065976F11BEEF4000E89ABD /* GTMBase64.m in Sources */ = {isa = PBXBuildFile; fileRef = 00AC534B1098F478002B5508 /* GTMBase64.m */; };
		0065978111BEEF4800E89ABD /* YAJLiOS_Prefix.pch in Headers */ = {isa = PBXBuildFile; fileRef = AA747D9E0F9514B9006C5449 /* YAJLiOS_Prefix.pch */; };
		0065978211BEEF4800E89ABD /* YAJLDocument.h in Headers */ = {isa = PBXBuildFile; fileRef = 00C404FE0FE77661003CE908 /* YAJLDocument.h */; };
		0065978311BEEF4800E89ABD /* YAJLParser.h in Headers */ = {isa = PBXBuildFile; fileRef = 00C405000FE77661003CE908 /* YAJLParser.h */; };
		0065978411BEEF4800E89ABD /* NSObject+YAJL.h in Headers */ = {isa = PBXBuildFile; fileRef = 005BF2D110185B3000C35A81 /* NSObject+YAJL.h */; };
		0065978511BEEF4800E89ABD /* YAJL.h in Headers */ = {isa = PBXBuildFile; fileRef = 005BF2D510185B3000C35A81 /* YAJL.h */; };
		0065978611BEEF4800E89ABD /* YAJLGen.h in Headers */ = {isa = PBXBuildFile; fileRef = 005BF2D610185B3000C35A81 /* YAJLGen.h */; };
		0065978711BEEF4800E89ABD /* GTMBase64.h in Headers */ = {isa = PBXBuildFile; fileRef = 00AC534A1098F478002B5508 /* GTMBase64.h */; };
		0065979211BEEF4800E89ABD /* YAJLDocument.m in Sources */ = {isa = PBXBuildFile; fileRef = 00C404FF0FE77661003CE908 /* YAJLDocument.m */; };
		0065979311BEEF4800E89ABD /* YAJLParser.m in Sources */ = {isa = PBXBuildFile; fileRef = 00C405010FE77661003CE908 /* YAJLParser.m */; };
		0065979411BEEF4800E89ABD /* NSObject+YAJL.m in Sources */ = {isa = PBXBuildFile; fileRef = 005BF2D210185B3000C35A81 /* NSObject+YAJL.m */; };
		0065979511BEEF4800E89ABD /* YAJLGen.m in Sources */ = {isa = PBXBuildFile; fileRef = 005BF2D710185B3000C35A81 /* YAJLGen.m */; };
		0065979611BEEF4800E89ABD /* GTMBase64.m in Sources */ = {isa = PBXBuildFile; fileRef = 00AC534B1098F478002B5508 /* GTMBase64.m */; };
		0065979F11BEEF4800E89ABD /* Foundation.framework in Frameworks */ = {isa = PBXBuildFile; fileRef = AACBBE490F95108600F1A2B1 /* Foundation.framework */; };
		006597A411BEEF4800E89ABD /* NSObject+YAJL.h in CopyFiles */ = {isa = PBXBuildFile; fileRef = 005BF2D110185B3000C35A81 /* NSObject+YAJL.h */; };
		006597A511BEEF4800E89ABD /* YAJL.h in CopyFiles */ = {isa = PBXBuildFile; fileRef = 005BF2D510185B3000C35A81 /* YAJL.h */; };
		006597A611BEEF4800E89ABD /* YAJLGen.h in CopyFiles */ = {isa = PBXBuildFile; fileRef = 005BF2D610185B3000C35A81 /* YAJLGen.h */; };
		006597A711BEEF4800E89ABD /* YAJLParser.h in CopyFiles */ = {isa = PBXBuildFile; fileRef = 00C405000FE77661003CE908 /* YAJLParser.h */; };
		006597A811BEEF4800E89ABD /* YAJLDocument.h in CopyFiles */ = {isa = PBXBuildFile; fileRef = 00C404FE0FE77661003CE908 /* YAJLDocument.h */; };
		006597B411BEEF5400E89ABD /* comments.json in Resources */ = {isa = PBXBuildFile; fileRef = 00C4056F0FE777B4003CE908 /* comments.json */; };
		006597B511BEEF5400E89ABD /* error.json in Resources */ = {isa = PBXBuildFile; fileRef = 00C405700FE777B4003CE908 /* error.json */; };
		006597B611BEEF5400E89ABD /* example.json in Resources */ = {isa = PBXBuildFile; fileRef = 00C405710FE777B4003CE908 /* example.json */; };
		006597B711BEEF5400E89ABD /* sample.json in Resources */ = {isa = PBXBuildFile; fileRef = 00C405720FE777B4003CE908 /* sample.json */; };
		006597B811BEEF5400E89ABD /* overflow.json in Resources */ = {isa = PBXBuildFile; fileRef = 00ABD2EC0FFA0C1800965787 /* overflow.json */; };
		006597B911BEEF5400E89ABD /* stream1.json in Resources */ = {isa = PBXBuildFile; fileRef = 00ABD2ED0FFA0C1800965787 /* stream1.json */; };
		006597BA11BEEF5400E89ABD /* stream2.json in Resources */ = {isa = PBXBuildFile; fileRef = 00ABD2EE0FFA0C1800965787 /* stream2.json */; };
		006597BB11BEEF5400E89ABD /* gen_expected1.json in Resources */ = {isa = PBXBuildFile; fileRef = 005BF30010185B7600C35A81 /* gen_expected1.json */; };
		006597BC11BEEF5400E89ABD /* gen_expected2.json in Resources */ = {isa = PBXBuildFile; fileRef = 005BF30110185B7600C35A81 /* gen_expected2.json */; };
		006597BD11BEEF5400E89ABD /* object_expected_array.json in Resources */ = {isa = PBXBuildFile; fileRef = 005BF30210185B7600C35A81 /* object_expected_array.json */; };
		006597BE11BEEF5400E89ABD /* stream_array1.json in Resources */ = {isa = PBXBuildFile; fileRef = 005BF35B10185F7E00C35A81 /* stream_array1.json */; };
		006597BF11BEEF5400E89ABD /* stream_array2.json in Resources */ = {isa = PBXBuildFile; fileRef = 005BF35C10185F7E00C35A81 /* stream_array2.json */; };
		006597C011BEEF5400E89ABD /* error2.json in Resources */ = {isa = PBXBuildFile; fileRef = 00A59CE9109014550032BD92 /* error2.json */; };
		006597C111BEEF5400E89ABD /* gen_expected_ignore_unknown1.json in Resources */ = {isa = PBXBuildFile; fileRef = 00AC53511098F49D002B5508 /* gen_expected_ignore_unknown1.json */; };
		006597C211BEEF5400E89ABD /* gen_expected_plist1.json in Resources */ = {isa = PBXBuildFile; fileRef = 00AC53521098F49D002B5508 /* gen_expected_plist1.json */; };
		006597C411BEEF5400E89ABD /* overflow2.json in Resources */ = {isa = PBXBuildFile; fileRef = 000E9224111FA0F700D2345B /* overflow2.json */; };
		006597C511BEEF5400E89ABD /* twitter.json in Resources */ = {isa = PBXBuildFile; fileRef = 000E9225111FA0F700D2345B /* twitter.json */; };
		006597C611BEEF5400E89ABD /* overflow_longlong.json in Resources */ = {isa = PBXBuildFile; fileRef = 000E9226111FA0F700D2345B /* overflow_longlong.json */; };
		006597C711BEEF5400E89ABD /* document_streaming.json in Resources */ = {isa = PBXBuildFile; fileRef = 00073FB51161433D00D8283B /* document_streaming.json */; };
		006597C911BEEF5400E89ABD /* YAJLDocumentTest.m in Sources */ = {isa = PBXBuildFile; fileRef = 00C405740FE777B4003CE908 /* YAJLDocumentTest.m */; };
		006597CA11BEEF5400E89ABD /* YAJLParserTest.m in Sources */ = {isa = PBXBuildFile; fileRef = 00C405750FE777B4003CE908 /* YAJLParserTest.m */; };
		006597CD11BEEF5400E89ABD /* YAJLTestCase.m in Sources */ = {isa = PBXBuildFile; fileRef = 00ABD2F40FFA0C3100965787 /* YAJLTestCase.m */; };
		006597CE11BEEF5400E89ABD /* NSObject+SBJSON.m in Sources */ = {isa = PBXBuildFile; fileRef = 00ABD3020FFA0C5900965787 /* NSObject+SBJSON.m */; };
		006597CF11BEEF5400E89ABD /* NSString+SBJSON.m in Sources */ = {isa = PBXBuildFile; fileRef = 00ABD3040FFA0C5900965787 /* NSString+SBJSON.m */; };
		006597D011BEEF5400E89ABD /* SBJSONScanner.m in Sources */ = {isa = PBXBuildFile; fileRef = 00ABD3060FFA0C5900965787 /* SBJSONScanner.m */; };
		006597D111BEEF5400E89ABD /* PerfTest.m in Sources */ = {isa = PBXBuildFile; fileRef = 00ABD3290FFA0D0E00965787 /* PerfTest.m */; };
		006597D411BEEF5400E89ABD /* NSObjectTest.m in Sources */ = {isa = PBXBuildFile; fileRef = 005BF2FA10185B6C00C35A81 /* NSObjectTest.m */; };
		006597D511BEEF5400E89ABD /* NSStringTest.m in Sources */ = {isa = PBXBuildFile; fileRef = 005BF2FB10185B6C00C35A81 /* NSStringTest.m */; };
		006597D611BEEF5400E89ABD /* YAJLGenTest.m in Sources */ = {isa = PBXBuildFile; fileRef = 005BF2FC10185B6C00C35A81 /* YAJLGenTest.m */; };
		006597D711BEEF5400E89ABD /* NSDataTest.m in Sources */ = {isa = PBXBuildFile; fileRef = 0020021F107D3EBB009ED6DF /* NSDataTest.m */; };
		006597DA11BEEF5400E89ABD /* TwitterTest.m in Sources */ = {isa = PBXBuildFile; fileRef = 000E922A111FA10400D2345B /* TwitterTest.m */; };
		006597DB11BEEF5400E89ABD /* YAJLDocumentDelegateTest.m in Sources */ = {isa = PBXBuildFile; fileRef = 00073FB31161433500D8283B /* YAJLDocumentDelegateTest.m */; };
		00C113FA12111824009C9B51 /* NSBundle+YAJL.h in Headers */ = {isa = PBXBuildFile; fileRef = 00C113F412111824009C9B51 /* NSBundle+YAJL.h */; };
		00C113FB12111824009C9B51 /* NSBundle+YAJL.m in Sources */ = {isa = PBXBuildFile; fileRef = 00C113F512111824009C9B51 /* NSBundle+YAJL.m */; };
		00C113FC12111824009C9B51 /* NSBundle+YAJL.h in Headers */ = {isa = PBXBuildFile; fileRef = 00C113F412111824009C9B51 /* NSBundle+YAJL.h */; };
		00C113FD12111824009C9B51 /* NSBundle+YAJL.m in Sources */ = {isa = PBXBuildFile; fileRef = 00C113F512111824009C9B51 /* NSBundle+YAJL.m */; };
		00C3CEE8126EABFF00DF710D /* yajl_common.h in Headers */ = {isa = PBXBuildFile; fileRef = 00C3CEE4126EABFF00DF710D /* yajl_common.h */; };
		00C3CEE9126EABFF00DF710D /* yajl_gen.h in Headers */ = {isa = PBXBuildFile; fileRef = 00C3CEE5126EABFF00DF710D /* yajl_gen.h */; };
		00C3CEEA126EABFF00DF710D /* yajl_parse.h in Headers */ = {isa = PBXBuildFile; fileRef = 00C3CEE6126EABFF00DF710D /* yajl_parse.h */; };
		00C3CEEB126EABFF00DF710D /* yajl_version.h in Headers */ = {isa = PBXBuildFile; fileRef = 00C3CEE7126EABFF00DF710D /* yajl_version.h */; };
		00C3CEEC126EABFF00DF710D /* yajl_common.h in Headers */ = {isa = PBXBuildFile; fileRef = 00C3CEE4126EABFF00DF710D /* yajl_common.h */; };
		00C3CEED126EABFF00DF710D /* yajl_gen.h in Headers */ = {isa = PBXBuildFile; fileRef = 00C3CEE5126EABFF00DF710D /* yajl_gen.h */; };
		00C3CEEE126EABFF00DF710D /* yajl_parse.h in Headers */ = {isa = PBXBuildFile; fileRef = 00C3CEE6126EABFF00DF710D /* yajl_parse.h */; };
		00C3CEEF126EABFF00DF710D /* yajl_version.h in Headers */ = {isa = PBXBuildFile; fileRef = 00C3CEE7126EABFF00DF710D /* yajl_version.h */; };
		00C3CEFC126EAC5700DF710D /* twitter_snowflake.json in Resources */ = {isa = PBXBuildFile; fileRef = 00C3CEFB126EAC5700DF710D /* twitter_snowflake.json */; };
/* End PBXBuildFile section */

/* Begin PBXContainerItemProxy section */
		006597ED11BEEF6900E89ABD /* PBXContainerItemProxy */ = {
			isa = PBXContainerItemProxy;
			containerPortal = 0867D690FE84028FC02AAC07 /* Project object */;
			proxyType = 1;
			remoteGlobalIDString = 0065977F11BEEF4800E89ABD;
			remoteInfo = "YAJLiOS (Simulator-4.0)";
		};
/* End PBXContainerItemProxy section */

/* Begin PBXCopyFilesBuildPhase section */
		006597A011BEEF4800E89ABD /* CopyFiles */ = {
			isa = PBXCopyFilesBuildPhase;
			buildActionMask = 2147483647;
			dstPath = "";
			dstSubfolderSpec = 7;
			files = (
				006597A411BEEF4800E89ABD /* NSObject+YAJL.h in CopyFiles */,
				006597A511BEEF4800E89ABD /* YAJL.h in CopyFiles */,
				006597A611BEEF4800E89ABD /* YAJLGen.h in CopyFiles */,
				006597A711BEEF4800E89ABD /* YAJLParser.h in CopyFiles */,
				006597A811BEEF4800E89ABD /* YAJLDocument.h in CopyFiles */,
				00471EFC12263B3700E8A306 /* NSBundle+YAJL.h in CopyFiles */,
			);
			runOnlyForDeploymentPostprocessing = 0;
		};
/* End PBXCopyFilesBuildPhase section */

/* Begin PBXFileReference section */
		00073FB31161433500D8283B /* YAJLDocumentDelegateTest.m */ = {isa = PBXFileReference; fileEncoding = 4; lastKnownFileType = sourcecode.c.objc; path = YAJLDocumentDelegateTest.m; sourceTree = "<group>"; };
		00073FB51161433D00D8283B /* document_streaming.json */ = {isa = PBXFileReference; fileEncoding = 4; lastKnownFileType = text; path = document_streaming.json; sourceTree = "<group>"; };
		000E9224111FA0F700D2345B /* overflow2.json */ = {isa = PBXFileReference; fileEncoding = 4; lastKnownFileType = text; path = overflow2.json; sourceTree = "<group>"; };
		000E9225111FA0F700D2345B /* twitter.json */ = {isa = PBXFileReference; fileEncoding = 4; lastKnownFileType = text; path = twitter.json; sourceTree = "<group>"; };
		000E9226111FA0F700D2345B /* overflow_longlong.json */ = {isa = PBXFileReference; fileEncoding = 4; lastKnownFileType = text; path = overflow_longlong.json; sourceTree = "<group>"; };
		000E922A111FA10400D2345B /* TwitterTest.m */ = {isa = PBXFileReference; fileEncoding = 4; lastKnownFileType = sourcecode.c.objc; path = TwitterTest.m; sourceTree = "<group>"; };
		0020021F107D3EBB009ED6DF /* NSDataTest.m */ = {isa = PBXFileReference; fileEncoding = 4; lastKnownFileType = sourcecode.c.objc; path = NSDataTest.m; sourceTree = "<group>"; };
		00200243107D4033009ED6DF /* CHANGELOG.md */ = {isa = PBXFileReference; fileEncoding = 4; lastKnownFileType = text; name = CHANGELOG.md; path = ../CHANGELOG.md; sourceTree = SOURCE_ROOT; };
		0046C19011779AB80092DA2A /* Makefile */ = {isa = PBXFileReference; fileEncoding = 4; lastKnownFileType = sourcecode.make; path = Makefile; sourceTree = "<group>"; };
		0052CD55126EABC10049CF17 /* yajl.c */ = {isa = PBXFileReference; fileEncoding = 4; lastKnownFileType = sourcecode.c.c; path = yajl.c; sourceTree = "<group>"; };
		0052CD56126EABC10049CF17 /* yajl_alloc.c */ = {isa = PBXFileReference; fileEncoding = 4; lastKnownFileType = sourcecode.c.c; path = yajl_alloc.c; sourceTree = "<group>"; };
		0052CD57126EABC10049CF17 /* yajl_alloc.h */ = {isa = PBXFileReference; fileEncoding = 4; lastKnownFileType = sourcecode.c.h; path = yajl_alloc.h; sourceTree = "<group>"; };
		0052CD58126EABC10049CF17 /* yajl_buf.c */ = {isa = PBXFileReference; fileEncoding = 4; lastKnownFileType = sourcecode.c.c; path = yajl_buf.c; sourceTree = "<group>"; };
		0052CD59126EABC10049CF17 /* yajl_buf.h */ = {isa = PBXFileReference; fileEncoding = 4; lastKnownFileType = sourcecode.c.h; path = yajl_buf.h; sourceTree = "<group>"; };
		0052CD5A126EABC10049CF17 /* yajl_bytestack.h */ = {isa = PBXFileReference; fileEncoding = 4; lastKnownFileType = sourcecode.c.h; path = yajl_bytestack.h; sourceTree = "<group>"; };
		0052CD5B126EABC10049CF17 /* yajl_encode.c */ = {isa = PBXFileReference; fileEncoding = 4; lastKnownFileType = sourcecode.c.c; path = yajl_encode.c; sourceTree = "<group>"; };
		0052CD5C126EABC10049CF17 /* yajl_encode.h */ = {isa = PBXFileReference; fileEncoding = 4; lastKnownFileType = sourcecode.c.h; path = yajl_encode.h; sourceTree = "<group>"; };
		0052CD5D126EABC10049CF17 /* yajl_gen.c */ = {isa = PBXFileReference; fileEncoding = 4; lastKnownFileType = sourcecode.c.c; path = yajl_gen.c; sourceTree = "<group>"; };
		0052CD5E126EABC10049CF17 /* yajl_lex.c */ = {isa = PBXFileReference; fileEncoding = 4; lastKnownFileType = sourcecode.c.c; path = yajl_lex.c; sourceTree = "<group>"; };
		0052CD5F126EABC10049CF17 /* yajl_lex.h */ = {isa = PBXFileReference; fileEncoding = 4; lastKnownFileType = sourcecode.c.h; path = yajl_lex.h; sourceTree = "<group>"; };
		0052CD60126EABC10049CF17 /* yajl_parser.c */ = {isa = PBXFileReference; fileEncoding = 4; lastKnownFileType = sourcecode.c.c; path = yajl_parser.c; sourceTree = "<group>"; };
		0052CD61126EABC10049CF17 /* yajl_parser.h */ = {isa = PBXFileReference; fileEncoding = 4; lastKnownFileType = sourcecode.c.h; path = yajl_parser.h; sourceTree = "<group>"; };
		0052CD62126EABC10049CF17 /* yajl_version.c */ = {isa = PBXFileReference; fileEncoding = 4; lastKnownFileType = sourcecode.c.c; path = yajl_version.c; sourceTree = "<group>"; };
		005886721226319D00292C90 /* GHNSBundle+Utils.h */ = {isa = PBXFileReference; fileEncoding = 4; lastKnownFileType = sourcecode.c.h; path = "GHNSBundle+Utils.h"; sourceTree = "<group>"; };
		005886731226319D00292C90 /* GHNSBundle+Utils.m */ = {isa = PBXFileReference; fileEncoding = 4; lastKnownFileType = sourcecode.c.objc; path = "GHNSBundle+Utils.m"; sourceTree = "<group>"; };
		005886AA1226333300292C90 /* CoreGraphics.framework */ = {isa = PBXFileReference; lastKnownFileType = wrapper.framework; name = CoreGraphics.framework; path = System/Library/Frameworks/CoreGraphics.framework; sourceTree = SDKROOT; };
		005886B11226334500292C90 /* UIKit.framework */ = {isa = PBXFileReference; lastKnownFileType = wrapper.framework; name = UIKit.framework; path = System/Library/Frameworks/UIKit.framework; sourceTree = SDKROOT; };
		005886C71226337500292C90 /* Foundation.framework */ = {isa = PBXFileReference; lastKnownFileType = wrapper.framework; name = Foundation.framework; path = System/Library/Frameworks/Foundation.framework; sourceTree = SDKROOT; };
		005886E31226339500292C90 /* GHUnitIOS.framework */ = {isa = PBXFileReference; lastKnownFileType = wrapper.framework; path = GHUnitIOS.framework; sourceTree = "<group>"; };
		00588701122634AD00292C90 /* Shared-MacOSX.xcconfig */ = {isa = PBXFileReference; fileEncoding = 4; lastKnownFileType = text.xcconfig; path = "Shared-MacOSX.xcconfig"; sourceTree = "<group>"; };
		0058870D1226353B00292C90 /* main.m */ = {isa = PBXFileReference; fileEncoding = 4; lastKnownFileType = sourcecode.c.objc; path = main.m; sourceTree = "<group>"; };
		005887431226372C00292C90 /* iPhoneFramework.sh */ = {isa = PBXFileReference; fileEncoding = 4; lastKnownFileType = text.script.sh; path = iPhoneFramework.sh; sourceTree = "<group>"; };
		005BF2D110185B3000C35A81 /* NSObject+YAJL.h */ = {isa = PBXFileReference; fileEncoding = 4; lastKnownFileType = sourcecode.c.h; path = "NSObject+YAJL.h"; sourceTree = "<group>"; };
		005BF2D210185B3000C35A81 /* NSObject+YAJL.m */ = {isa = PBXFileReference; fileEncoding = 4; lastKnownFileType = sourcecode.c.objc; path = "NSObject+YAJL.m"; sourceTree = "<group>"; };
		005BF2D510185B3000C35A81 /* YAJL.h */ = {isa = PBXFileReference; fileEncoding = 4; lastKnownFileType = sourcecode.c.h; path = YAJL.h; sourceTree = "<group>"; };
		005BF2D610185B3000C35A81 /* YAJLGen.h */ = {isa = PBXFileReference; fileEncoding = 4; lastKnownFileType = sourcecode.c.h; path = YAJLGen.h; sourceTree = "<group>"; };
		005BF2D710185B3000C35A81 /* YAJLGen.m */ = {isa = PBXFileReference; fileEncoding = 4; lastKnownFileType = sourcecode.c.objc; path = YAJLGen.m; sourceTree = "<group>"; };
		005BF2FA10185B6C00C35A81 /* NSObjectTest.m */ = {isa = PBXFileReference; fileEncoding = 4; lastKnownFileType = sourcecode.c.objc; path = NSObjectTest.m; sourceTree = "<group>"; };
		005BF2FB10185B6C00C35A81 /* NSStringTest.m */ = {isa = PBXFileReference; fileEncoding = 4; lastKnownFileType = sourcecode.c.objc; path = NSStringTest.m; sourceTree = "<group>"; };
		005BF2FC10185B6C00C35A81 /* YAJLGenTest.m */ = {isa = PBXFileReference; fileEncoding = 4; lastKnownFileType = sourcecode.c.objc; path = YAJLGenTest.m; sourceTree = "<group>"; };
		005BF30010185B7600C35A81 /* gen_expected1.json */ = {isa = PBXFileReference; fileEncoding = 4; lastKnownFileType = text; path = gen_expected1.json; sourceTree = "<group>"; };
		005BF30110185B7600C35A81 /* gen_expected2.json */ = {isa = PBXFileReference; fileEncoding = 4; lastKnownFileType = text; path = gen_expected2.json; sourceTree = "<group>"; };
		005BF30210185B7600C35A81 /* object_expected_array.json */ = {isa = PBXFileReference; fileEncoding = 4; lastKnownFileType = text; path = object_expected_array.json; sourceTree = "<group>"; };
		005BF35B10185F7E00C35A81 /* stream_array1.json */ = {isa = PBXFileReference; fileEncoding = 4; lastKnownFileType = text; path = stream_array1.json; sourceTree = "<group>"; };
		005BF35C10185F7E00C35A81 /* stream_array2.json */ = {isa = PBXFileReference; fileEncoding = 4; lastKnownFileType = text; path = stream_array2.json; sourceTree = "<group>"; };
		0065977C11BEEF4000E89ABD /* libYAJLiOSDevice.a */ = {isa = PBXFileReference; explicitFileType = archive.ar; includeInIndex = 0; path = libYAJLiOSDevice.a; sourceTree = BUILT_PRODUCTS_DIR; };
		006597AC11BEEF4800E89ABD /* libYAJLiOSSimulator.a */ = {isa = PBXFileReference; explicitFileType = archive.ar; includeInIndex = 0; path = libYAJLiOSSimulator.a; sourceTree = BUILT_PRODUCTS_DIR; };
		006597EA11BEEF5400E89ABD /* Tests.app */ = {isa = PBXFileReference; explicitFileType = wrapper.application; includeInIndex = 0; path = Tests.app; sourceTree = BUILT_PRODUCTS_DIR; };
		0066FE7F12262CF7009247B0 /* NSBundleTest.m */ = {isa = PBXFileReference; fileEncoding = 4; lastKnownFileType = sourcecode.c.objc; path = NSBundleTest.m; sourceTree = "<group>"; };
		00A59CE9109014550032BD92 /* error2.json */ = {isa = PBXFileReference; fileEncoding = 4; lastKnownFileType = text; path = error2.json; sourceTree = "<group>"; };
		00ABD2EC0FFA0C1800965787 /* overflow.json */ = {isa = PBXFileReference; fileEncoding = 4; lastKnownFileType = text; path = overflow.json; sourceTree = "<group>"; };
		00ABD2ED0FFA0C1800965787 /* stream1.json */ = {isa = PBXFileReference; fileEncoding = 4; lastKnownFileType = text; path = stream1.json; sourceTree = "<group>"; };
		00ABD2EE0FFA0C1800965787 /* stream2.json */ = {isa = PBXFileReference; fileEncoding = 4; lastKnownFileType = text; path = stream2.json; sourceTree = "<group>"; };
		00ABD2F30FFA0C3100965787 /* YAJLTestCase.h */ = {isa = PBXFileReference; fileEncoding = 4; lastKnownFileType = sourcecode.c.h; path = YAJLTestCase.h; sourceTree = "<group>"; };
		00ABD2F40FFA0C3100965787 /* YAJLTestCase.m */ = {isa = PBXFileReference; fileEncoding = 4; lastKnownFileType = sourcecode.c.objc; path = YAJLTestCase.m; sourceTree = "<group>"; };
		00ABD3000FFA0C5900965787 /* JSON.h */ = {isa = PBXFileReference; fileEncoding = 4; lastKnownFileType = sourcecode.c.h; path = JSON.h; sourceTree = "<group>"; };
		00ABD3010FFA0C5900965787 /* NSObject+SBJSON.h */ = {isa = PBXFileReference; fileEncoding = 4; lastKnownFileType = sourcecode.c.h; path = "NSObject+SBJSON.h"; sourceTree = "<group>"; };
		00ABD3020FFA0C5900965787 /* NSObject+SBJSON.m */ = {isa = PBXFileReference; fileEncoding = 4; lastKnownFileType = sourcecode.c.objc; path = "NSObject+SBJSON.m"; sourceTree = "<group>"; };
		00ABD3030FFA0C5900965787 /* NSString+SBJSON.h */ = {isa = PBXFileReference; fileEncoding = 4; lastKnownFileType = sourcecode.c.h; path = "NSString+SBJSON.h"; sourceTree = "<group>"; };
		00ABD3040FFA0C5900965787 /* NSString+SBJSON.m */ = {isa = PBXFileReference; fileEncoding = 4; lastKnownFileType = sourcecode.c.objc; path = "NSString+SBJSON.m"; sourceTree = "<group>"; };
		00ABD3050FFA0C5900965787 /* SBJSONScanner.h */ = {isa = PBXFileReference; fileEncoding = 4; lastKnownFileType = sourcecode.c.h; path = SBJSONScanner.h; sourceTree = "<group>"; };
		00ABD3060FFA0C5900965787 /* SBJSONScanner.m */ = {isa = PBXFileReference; fileEncoding = 4; lastKnownFileType = sourcecode.c.objc; path = SBJSONScanner.m; sourceTree = "<group>"; };
		00ABD3290FFA0D0E00965787 /* PerfTest.m */ = {isa = PBXFileReference; fileEncoding = 4; lastKnownFileType = sourcecode.c.objc; path = PerfTest.m; sourceTree = "<group>"; };
		00AC534A1098F478002B5508 /* GTMBase64.h */ = {isa = PBXFileReference; fileEncoding = 4; lastKnownFileType = sourcecode.c.h; path = GTMBase64.h; sourceTree = "<group>"; };
		00AC534B1098F478002B5508 /* GTMBase64.m */ = {isa = PBXFileReference; fileEncoding = 4; lastKnownFileType = sourcecode.c.objc; path = GTMBase64.m; sourceTree = "<group>"; };
		00AC53511098F49D002B5508 /* gen_expected_ignore_unknown1.json */ = {isa = PBXFileReference; fileEncoding = 4; lastKnownFileType = text; path = gen_expected_ignore_unknown1.json; sourceTree = "<group>"; };
		00AC53521098F49D002B5508 /* gen_expected_plist1.json */ = {isa = PBXFileReference; fileEncoding = 4; lastKnownFileType = text; path = gen_expected_plist1.json; sourceTree = "<group>"; };
		00C113F412111824009C9B51 /* NSBundle+YAJL.h */ = {isa = PBXFileReference; fileEncoding = 4; lastKnownFileType = sourcecode.c.h; path = "NSBundle+YAJL.h"; sourceTree = "<group>"; };
		00C113F512111824009C9B51 /* NSBundle+YAJL.m */ = {isa = PBXFileReference; fileEncoding = 4; lastKnownFileType = sourcecode.c.objc; path = "NSBundle+YAJL.m"; sourceTree = "<group>"; };
		00C3CEE4126EABFF00DF710D /* yajl_common.h */ = {isa = PBXFileReference; fileEncoding = 4; lastKnownFileType = sourcecode.c.h; path = yajl_common.h; sourceTree = "<group>"; };
		00C3CEE5126EABFF00DF710D /* yajl_gen.h */ = {isa = PBXFileReference; fileEncoding = 4; lastKnownFileType = sourcecode.c.h; path = yajl_gen.h; sourceTree = "<group>"; };
		00C3CEE6126EABFF00DF710D /* yajl_parse.h */ = {isa = PBXFileReference; fileEncoding = 4; lastKnownFileType = sourcecode.c.h; path = yajl_parse.h; sourceTree = "<group>"; };
		00C3CEE7126EABFF00DF710D /* yajl_version.h */ = {isa = PBXFileReference; fileEncoding = 4; lastKnownFileType = sourcecode.c.h; path = yajl_version.h; sourceTree = "<group>"; };
		00C3CEFB126EAC5700DF710D /* twitter_snowflake.json */ = {isa = PBXFileReference; fileEncoding = 4; lastKnownFileType = text; path = twitter_snowflake.json; sourceTree = "<group>"; };
		00C404FE0FE77661003CE908 /* YAJLDocument.h */ = {isa = PBXFileReference; fileEncoding = 4; lastKnownFileType = sourcecode.c.h; path = YAJLDocument.h; sourceTree = "<group>"; };
		00C404FF0FE77661003CE908 /* YAJLDocument.m */ = {isa = PBXFileReference; fileEncoding = 4; lastKnownFileType = sourcecode.c.objc; path = YAJLDocument.m; sourceTree = "<group>"; };
		00C405000FE77661003CE908 /* YAJLParser.h */ = {isa = PBXFileReference; fileEncoding = 4; lastKnownFileType = sourcecode.c.h; path = YAJLParser.h; sourceTree = "<group>"; };
		00C405010FE77661003CE908 /* YAJLParser.m */ = {isa = PBXFileReference; fileEncoding = 4; lastKnownFileType = sourcecode.c.objc; path = YAJLParser.m; sourceTree = "<group>"; };
		00C4052C0FE77688003CE908 /* Debug.xcconfig */ = {isa = PBXFileReference; fileEncoding = 4; lastKnownFileType = text.xcconfig; path = Debug.xcconfig; sourceTree = "<group>"; };
		00C4052D0FE77688003CE908 /* Release.xcconfig */ = {isa = PBXFileReference; fileEncoding = 4; lastKnownFileType = text.xcconfig; path = Release.xcconfig; sourceTree = "<group>"; };
		00C4052E0FE77688003CE908 /* Shared-iOS.xcconfig */ = {isa = PBXFileReference; fileEncoding = 4; lastKnownFileType = text.xcconfig; path = "Shared-iOS.xcconfig"; sourceTree = "<group>"; };
		00C4052F0FE77688003CE908 /* Shared.xcconfig */ = {isa = PBXFileReference; fileEncoding = 4; lastKnownFileType = text.xcconfig; path = Shared.xcconfig; sourceTree = "<group>"; };
		00C4054F0FE77760003CE908 /* Tests-Info.plist */ = {isa = PBXFileReference; lastKnownFileType = text.plist.xml; path = "Tests-Info.plist"; sourceTree = "<group>"; };
		00C4056F0FE777B4003CE908 /* comments.json */ = {isa = PBXFileReference; fileEncoding = 4; lastKnownFileType = text; path = comments.json; sourceTree = "<group>"; };
		00C405700FE777B4003CE908 /* error.json */ = {isa = PBXFileReference; fileEncoding = 4; lastKnownFileType = text; path = error.json; sourceTree = "<group>"; };
		00C405710FE777B4003CE908 /* example.json */ = {isa = PBXFileReference; fileEncoding = 4; lastKnownFileType = text; path = example.json; sourceTree = "<group>"; };
		00C405720FE777B4003CE908 /* sample.json */ = {isa = PBXFileReference; fileEncoding = 4; lastKnownFileType = text; path = sample.json; sourceTree = "<group>"; };
		00C405740FE777B4003CE908 /* YAJLDocumentTest.m */ = {isa = PBXFileReference; fileEncoding = 4; lastKnownFileType = sourcecode.c.objc; path = YAJLDocumentTest.m; sourceTree = "<group>"; };
		00C405750FE777B4003CE908 /* YAJLParserTest.m */ = {isa = PBXFileReference; fileEncoding = 4; lastKnownFileType = sourcecode.c.objc; path = YAJLParserTest.m; sourceTree = "<group>"; };
		00C405850FE7780E003CE908 /* Tests_Prefix.pch */ = {isa = PBXFileReference; fileEncoding = 4; lastKnownFileType = sourcecode.c.h; path = Tests_Prefix.pch; sourceTree = "<group>"; };
		00C406000FE77A81003CE908 /* CombineLibs.sh */ = {isa = PBXFileReference; fileEncoding = 4; lastKnownFileType = text.script.sh; path = CombineLibs.sh; sourceTree = "<group>"; };
		00C406470FE77C51003CE908 /* README.md */ = {isa = PBXFileReference; fileEncoding = 4; lastKnownFileType = text; name = README.md; path = ../README.md; sourceTree = SOURCE_ROOT; };
		AA747D9E0F9514B9006C5449 /* YAJLiOS_Prefix.pch */ = {isa = PBXFileReference; fileEncoding = 4; lastKnownFileType = sourcecode.c.h; path = YAJLiOS_Prefix.pch; sourceTree = SOURCE_ROOT; };
		AACBBE490F95108600F1A2B1 /* Foundation.framework */ = {isa = PBXFileReference; lastKnownFileType = wrapper.framework; name = Foundation.framework; path = System/Library/Frameworks/Foundation.framework; sourceTree = SDKROOT; };
/* End PBXFileReference section */

/* Begin PBXFrameworksBuildPhase section */
		0065977711BEEF4000E89ABD /* Frameworks */ = {
			isa = PBXFrameworksBuildPhase;
			buildActionMask = 2147483647;
			files = (
			);
			runOnlyForDeploymentPostprocessing = 0;
		};
		0065979E11BEEF4800E89ABD /* Frameworks */ = {
			isa = PBXFrameworksBuildPhase;
			buildActionMask = 2147483647;
			files = (
				0065979F11BEEF4800E89ABD /* Foundation.framework in Frameworks */,
			);
			runOnlyForDeploymentPostprocessing = 0;
		};
		006597E311BEEF5400E89ABD /* Frameworks */ = {
			isa = PBXFrameworksBuildPhase;
			buildActionMask = 2147483647;
			files = (
				003DE13411BEF6F4007BD538 /* libYAJLiOSSimulator.a in Frameworks */,
				005886AB1226333300292C90 /* CoreGraphics.framework in Frameworks */,
				005886B21226334500292C90 /* UIKit.framework in Frameworks */,
				005886C81226337500292C90 /* Foundation.framework in Frameworks */,
				005886E41226339500292C90 /* GHUnitIOS.framework in Frameworks */,
			);
			runOnlyForDeploymentPostprocessing = 0;
		};
/* End PBXFrameworksBuildPhase section */

/* Begin PBXGroup section */
		0052CD4F126EABC10049CF17 /* yajl-1.0.11 */ = {
			isa = PBXGroup;
			children = (
				00C3CEE3126EABFF00DF710D /* api */,
				0052CD55126EABC10049CF17 /* yajl.c */,
				0052CD56126EABC10049CF17 /* yajl_alloc.c */,
				0052CD57126EABC10049CF17 /* yajl_alloc.h */,
				0052CD58126EABC10049CF17 /* yajl_buf.c */,
				0052CD59126EABC10049CF17 /* yajl_buf.h */,
				0052CD5A126EABC10049CF17 /* yajl_bytestack.h */,
				0052CD5B126EABC10049CF17 /* yajl_encode.c */,
				0052CD5C126EABC10049CF17 /* yajl_encode.h */,
				0052CD5D126EABC10049CF17 /* yajl_gen.c */,
				0052CD5E126EABC10049CF17 /* yajl_lex.c */,
				0052CD5F126EABC10049CF17 /* yajl_lex.h */,
				0052CD60126EABC10049CF17 /* yajl_parser.c */,
				0052CD61126EABC10049CF17 /* yajl_parser.h */,
				0052CD62126EABC10049CF17 /* yajl_version.c */,
			);
			name = "yajl-1.0.11";
			path = "../yajl-1.0.11";
			sourceTree = SOURCE_ROOT;
		};
		005886711226319D00292C90 /* GHKit */ = {
			isa = PBXGroup;
			children = (
				005886721226319D00292C90 /* GHNSBundle+Utils.h */,
				005886731226319D00292C90 /* GHNSBundle+Utils.m */,
			);
			path = GHKit;
			sourceTree = "<group>";
		};
		00ABD2FF0FFA0C5900965787 /* SBJSON */ = {
			isa = PBXGroup;
			children = (
				00ABD3000FFA0C5900965787 /* JSON.h */,
				00ABD3010FFA0C5900965787 /* NSObject+SBJSON.h */,
				00ABD3020FFA0C5900965787 /* NSObject+SBJSON.m */,
				00ABD3030FFA0C5900965787 /* NSString+SBJSON.h */,
				00ABD3040FFA0C5900965787 /* NSString+SBJSON.m */,
				00ABD3050FFA0C5900965787 /* SBJSONScanner.h */,
				00ABD3060FFA0C5900965787 /* SBJSONScanner.m */,
			);
			name = SBJSON;
			path = ../SBJSON;
			sourceTree = SOURCE_ROOT;
		};
		00AC53481098F478002B5508 /* Libraries */ = {
			isa = PBXGroup;
			children = (
				005886711226319D00292C90 /* GHKit */,
				00AC53491098F478002B5508 /* GTM */,
			);
			name = Libraries;
			path = ../Libraries;
			sourceTree = SOURCE_ROOT;
		};
		00AC53491098F478002B5508 /* GTM */ = {
			isa = PBXGroup;
			children = (
				00AC534A1098F478002B5508 /* GTMBase64.h */,
				00AC534B1098F478002B5508 /* GTMBase64.m */,
			);
			path = GTM;
			sourceTree = "<group>";
		};
		00C3CEE3126EABFF00DF710D /* api */ = {
			isa = PBXGroup;
			children = (
				00C3CEE4126EABFF00DF710D /* yajl_common.h */,
				00C3CEE5126EABFF00DF710D /* yajl_gen.h */,
				00C3CEE6126EABFF00DF710D /* yajl_parse.h */,
				00C3CEE7126EABFF00DF710D /* yajl_version.h */,
			);
			path = api;
			sourceTree = "<group>";
		};
		00C404FD0FE77661003CE908 /* Classes */ = {
			isa = PBXGroup;
			children = (
				005BF2D110185B3000C35A81 /* NSObject+YAJL.h */,
				005BF2D210185B3000C35A81 /* NSObject+YAJL.m */,
				005BF2D510185B3000C35A81 /* YAJL.h */,
				005BF2D610185B3000C35A81 /* YAJLGen.h */,
				005BF2D710185B3000C35A81 /* YAJLGen.m */,
				00C404FE0FE77661003CE908 /* YAJLDocument.h */,
				00C404FF0FE77661003CE908 /* YAJLDocument.m */,
				00C405000FE77661003CE908 /* YAJLParser.h */,
				00C405010FE77661003CE908 /* YAJLParser.m */,
				00C113F412111824009C9B51 /* NSBundle+YAJL.h */,
				00C113F512111824009C9B51 /* NSBundle+YAJL.m */,
			);
			name = Classes;
			path = ../Classes;
			sourceTree = SOURCE_ROOT;
		};
		00C4052B0FE77688003CE908 /* XCConfig */ = {
			isa = PBXGroup;
			children = (
				00C4052F0FE77688003CE908 /* Shared.xcconfig */,
				00588701122634AD00292C90 /* Shared-MacOSX.xcconfig */,
				00C4052E0FE77688003CE908 /* Shared-iOS.xcconfig */,
				00C4052C0FE77688003CE908 /* Debug.xcconfig */,
				00C4052D0FE77688003CE908 /* Release.xcconfig */,
			);
			name = XCConfig;
			path = ../XCConfig;
			sourceTree = SOURCE_ROOT;
		};
		00C405550FE77784003CE908 /* Libraries (iOS) */ = {
			isa = PBXGroup;
			children = (
				005886E31226339500292C90 /* GHUnitIOS.framework */,
			);
			name = "Libraries (iOS)";
			path = Libraries;
			sourceTree = "<group>";
		};
		00C4056C0FE777B4003CE908 /* Tests */ = {
			isa = PBXGroup;
			children = (
				00073FB31161433500D8283B /* YAJLDocumentDelegateTest.m */,
				000E922A111FA10400D2345B /* TwitterTest.m */,
				005BF2FA10185B6C00C35A81 /* NSObjectTest.m */,
				005BF2FB10185B6C00C35A81 /* NSStringTest.m */,
				0020021F107D3EBB009ED6DF /* NSDataTest.m */,
				005BF2FC10185B6C00C35A81 /* YAJLGenTest.m */,
				00ABD3290FFA0D0E00965787 /* PerfTest.m */,
				00ABD2F30FFA0C3100965787 /* YAJLTestCase.h */,
				00ABD2F40FFA0C3100965787 /* YAJLTestCase.m */,
				00C4056E0FE777B4003CE908 /* Samples */,
				00C405740FE777B4003CE908 /* YAJLDocumentTest.m */,
				00C405750FE777B4003CE908 /* YAJLParserTest.m */,
				0066FE7F12262CF7009247B0 /* NSBundleTest.m */,
				0058870D1226353B00292C90 /* main.m */,
			);
			name = Tests;
			path = ../Tests;
			sourceTree = SOURCE_ROOT;
		};
		00C4056E0FE777B4003CE908 /* Samples */ = {
			isa = PBXGroup;
			children = (
				00073FB51161433D00D8283B /* document_streaming.json */,
				000E9224111FA0F700D2345B /* overflow2.json */,
				000E9225111FA0F700D2345B /* twitter.json */,
				000E9226111FA0F700D2345B /* overflow_longlong.json */,
				00AC53511098F49D002B5508 /* gen_expected_ignore_unknown1.json */,
				00AC53521098F49D002B5508 /* gen_expected_plist1.json */,
				00A59CE9109014550032BD92 /* error2.json */,
				005BF35B10185F7E00C35A81 /* stream_array1.json */,
				005BF35C10185F7E00C35A81 /* stream_array2.json */,
				005BF30010185B7600C35A81 /* gen_expected1.json */,
				005BF30110185B7600C35A81 /* gen_expected2.json */,
				005BF30210185B7600C35A81 /* object_expected_array.json */,
				00ABD2EC0FFA0C1800965787 /* overflow.json */,
				00ABD2ED0FFA0C1800965787 /* stream1.json */,
				00ABD2EE0FFA0C1800965787 /* stream2.json */,
				00C4056F0FE777B4003CE908 /* comments.json */,
				00C405700FE777B4003CE908 /* error.json */,
				00C405710FE777B4003CE908 /* example.json */,
				00C405720FE777B4003CE908 /* sample.json */,
				00C3CEFB126EAC5700DF710D /* twitter_snowflake.json */,
			);
			path = Samples;
			sourceTree = "<group>";
		};
		00C405FF0FE77A81003CE908 /* Scripts */ = {
			isa = PBXGroup;
			children = (
				005887431226372C00292C90 /* iPhoneFramework.sh */,
				00C406000FE77A81003CE908 /* CombineLibs.sh */,
			);
			name = Scripts;
			path = ../Scripts;
			sourceTree = SOURCE_ROOT;
		};
		034768DFFF38A50411DB9C8B /* Products */ = {
			isa = PBXGroup;
			children = (
				0065977C11BEEF4000E89ABD /* libYAJLiOSDevice.a */,
				006597AC11BEEF4800E89ABD /* libYAJLiOSSimulator.a */,
				006597EA11BEEF5400E89ABD /* Tests.app */,
			);
			name = Products;
			sourceTree = "<group>";
		};
		0867D691FE84028FC02AAC07 /* YAJLiOS */ = {
			isa = PBXGroup;
			children = (
				0046C19011779AB80092DA2A /* Makefile */,
				00200243107D4033009ED6DF /* CHANGELOG.md */,
				00C406470FE77C51003CE908 /* README.md */,
				0052CD4F126EABC10049CF17 /* yajl-1.0.11 */,
				00C404FD0FE77661003CE908 /* Classes */,
				00C405550FE77784003CE908 /* Libraries (iOS) */,
				00AC53481098F478002B5508 /* Libraries */,
				32C88DFF0371C24200C91783 /* Other Sources */,
				00C4052B0FE77688003CE908 /* XCConfig */,
				00ABD2FF0FFA0C5900965787 /* SBJSON */,
				00C4056C0FE777B4003CE908 /* Tests */,
				00C405FF0FE77A81003CE908 /* Scripts */,
				0867D69AFE84028FC02AAC07 /* Frameworks */,
				034768DFFF38A50411DB9C8B /* Products */,
				00C4054F0FE77760003CE908 /* Tests-Info.plist */,
				005886AA1226333300292C90 /* CoreGraphics.framework */,
				005886B11226334500292C90 /* UIKit.framework */,
				005886C71226337500292C90 /* Foundation.framework */,
			);
			name = YAJLiOS;
			sourceTree = "<group>";
		};
		0867D69AFE84028FC02AAC07 /* Frameworks */ = {
			isa = PBXGroup;
			children = (
				AACBBE490F95108600F1A2B1 /* Foundation.framework */,
			);
			name = Frameworks;
			sourceTree = "<group>";
		};
		32C88DFF0371C24200C91783 /* Other Sources */ = {
			isa = PBXGroup;
			children = (
				AA747D9E0F9514B9006C5449 /* YAJLiOS_Prefix.pch */,
				00C405850FE7780E003CE908 /* Tests_Prefix.pch */,
			);
			name = "Other Sources";
			sourceTree = "<group>";
		};
/* End PBXGroup section */

/* Begin PBXHeadersBuildPhase section */
		0065975911BEEF4000E89ABD /* Headers */ = {
			isa = PBXHeadersBuildPhase;
			buildActionMask = 2147483647;
			files = (
				0065975A11BEEF4000E89ABD /* YAJLiOS_Prefix.pch in Headers */,
				0065975B11BEEF4000E89ABD /* YAJLDocument.h in Headers */,
				0065975C11BEEF4000E89ABD /* YAJLParser.h in Headers */,
				0065975D11BEEF4000E89ABD /* NSObject+YAJL.h in Headers */,
				0065975E11BEEF4000E89ABD /* YAJL.h in Headers */,
				0065975F11BEEF4000E89ABD /* YAJLGen.h in Headers */,
				0065976011BEEF4000E89ABD /* GTMBase64.h in Headers */,
				00C113FA12111824009C9B51 /* NSBundle+YAJL.h in Headers */,
				005886741226319D00292C90 /* GHNSBundle+Utils.h in Headers */,
				0052CD69126EABC10049CF17 /* yajl_alloc.h in Headers */,
				0052CD6B126EABC10049CF17 /* yajl_buf.h in Headers */,
				0052CD6C126EABC10049CF17 /* yajl_bytestack.h in Headers */,
				0052CD6E126EABC10049CF17 /* yajl_encode.h in Headers */,
				0052CD71126EABC10049CF17 /* yajl_lex.h in Headers */,
				0052CD73126EABC10049CF17 /* yajl_parser.h in Headers */,
				00C3CEE8126EABFF00DF710D /* yajl_common.h in Headers */,
				00C3CEE9126EABFF00DF710D /* yajl_gen.h in Headers */,
				00C3CEEA126EABFF00DF710D /* yajl_parse.h in Headers */,
				00C3CEEB126EABFF00DF710D /* yajl_version.h in Headers */,
			);
			runOnlyForDeploymentPostprocessing = 0;
		};
		0065978011BEEF4800E89ABD /* Headers */ = {
			isa = PBXHeadersBuildPhase;
			buildActionMask = 2147483647;
			files = (
				0065978111BEEF4800E89ABD /* YAJLiOS_Prefix.pch in Headers */,
				0065978211BEEF4800E89ABD /* YAJLDocument.h in Headers */,
				0065978311BEEF4800E89ABD /* YAJLParser.h in Headers */,
				0065978411BEEF4800E89ABD /* NSObject+YAJL.h in Headers */,
				0065978511BEEF4800E89ABD /* YAJL.h in Headers */,
				0065978611BEEF4800E89ABD /* YAJLGen.h in Headers */,
				0065978711BEEF4800E89ABD /* GTMBase64.h in Headers */,
				00C113FC12111824009C9B51 /* NSBundle+YAJL.h in Headers */,
				005886761226319D00292C90 /* GHNSBundle+Utils.h in Headers */,
				0052CD7B126EABC10049CF17 /* yajl_alloc.h in Headers */,
				0052CD7D126EABC10049CF17 /* yajl_buf.h in Headers */,
				0052CD7E126EABC10049CF17 /* yajl_bytestack.h in Headers */,
				0052CD80126EABC10049CF17 /* yajl_encode.h in Headers */,
				0052CD83126EABC10049CF17 /* yajl_lex.h in Headers */,
				0052CD85126EABC10049CF17 /* yajl_parser.h in Headers */,
				00C3CEEC126EABFF00DF710D /* yajl_common.h in Headers */,
				00C3CEED126EABFF00DF710D /* yajl_gen.h in Headers */,
				00C3CEEE126EABFF00DF710D /* yajl_parse.h in Headers */,
				00C3CEEF126EABFF00DF710D /* yajl_version.h in Headers */,
			);
			runOnlyForDeploymentPostprocessing = 0;
		};
/* End PBXHeadersBuildPhase section */

/* Begin PBXNativeTarget section */
		0065975811BEEF4000E89ABD /* YAJLiOS (Device) */ = {
			isa = PBXNativeTarget;
			buildConfigurationList = 0065977911BEEF4000E89ABD /* Build configuration list for PBXNativeTarget "YAJLiOS (Device)" */;
			buildPhases = (
				0065975911BEEF4000E89ABD /* Headers */,
				0065976A11BEEF4000E89ABD /* Sources */,
				0065977711BEEF4000E89ABD /* Frameworks */,
			);
			buildRules = (
			);
			dependencies = (
			);
			name = "YAJLiOS (Device)";
			productName = YAJLiOS;
			productReference = 0065977C11BEEF4000E89ABD /* libYAJLiOSDevice.a */;
			productType = "com.apple.product-type.library.static";
		};
		0065977F11BEEF4800E89ABD /* YAJLiOS (Simulator) */ = {
			isa = PBXNativeTarget;
			buildConfigurationList = 006597A911BEEF4800E89ABD /* Build configuration list for PBXNativeTarget "YAJLiOS (Simulator)" */;
			buildPhases = (
				0065978011BEEF4800E89ABD /* Headers */,
				0065979111BEEF4800E89ABD /* Sources */,
				0065979E11BEEF4800E89ABD /* Frameworks */,
				006597A011BEEF4800E89ABD /* CopyFiles */,
			);
			buildRules = (
			);
			dependencies = (
			);
			name = "YAJLiOS (Simulator)";
			productName = YAJLiOS;
			productReference = 006597AC11BEEF4800E89ABD /* libYAJLiOSSimulator.a */;
			productType = "com.apple.product-type.library.static";
		};
		006597AE11BEEF5400E89ABD /* Tests */ = {
			isa = PBXNativeTarget;
			buildConfigurationList = 006597E711BEEF5400E89ABD /* Build configuration list for PBXNativeTarget "Tests" */;
			buildPhases = (
				006597B311BEEF5400E89ABD /* Resources */,
				006597C811BEEF5400E89ABD /* Sources */,
				006597E311BEEF5400E89ABD /* Frameworks */,
				006597E611BEEF5400E89ABD /* ShellScript */,
			);
			buildRules = (
			);
			dependencies = (
				006597EE11BEEF6900E89ABD /* PBXTargetDependency */,
			);
			name = Tests;
			productName = Tests;
			productReference = 006597EA11BEEF5400E89ABD /* Tests.app */;
			productType = "com.apple.product-type.application";
		};
/* End PBXNativeTarget section */

/* Begin PBXProject section */
		0867D690FE84028FC02AAC07 /* Project object */ = {
			isa = PBXProject;
			attributes = {
				LastUpgradeCheck = 0450;
			};
			buildConfigurationList = 1DEB922208733DC00010E9CD /* Build configuration list for PBXProject "YAJLiOS" */;
			compatibilityVersion = "Xcode 3.2";
			developmentRegion = English;
			hasScannedForEncodings = 1;
			knownRegions = (
				English,
				Japanese,
				French,
				German,
			);
			mainGroup = 0867D691FE84028FC02AAC07 /* YAJLiOS */;
			productRefGroup = 034768DFFF38A50411DB9C8B /* Products */;
			projectDirPath = "";
			projectRoot = "";
			targets = (
				0065975811BEEF4000E89ABD /* YAJLiOS (Device) */,
				0065977F11BEEF4800E89ABD /* YAJLiOS (Simulator) */,
				006597AE11BEEF5400E89ABD /* Tests */,
				005887351226360800292C90 /* Run make to build framework */,
			);
		};
/* End PBXProject section */

/* Begin PBXResourcesBuildPhase section */
		006597B311BEEF5400E89ABD /* Resources */ = {
			isa = PBXResourcesBuildPhase;
			buildActionMask = 2147483647;
			files = (
				006597B411BEEF5400E89ABD /* comments.json in Resources */,
				006597B511BEEF5400E89ABD /* error.json in Resources */,
				006597B611BEEF5400E89ABD /* example.json in Resources */,
				006597B711BEEF5400E89ABD /* sample.json in Resources */,
				006597B811BEEF5400E89ABD /* overflow.json in Resources */,
				006597B911BEEF5400E89ABD /* stream1.json in Resources */,
				006597BA11BEEF5400E89ABD /* stream2.json in Resources */,
				006597BB11BEEF5400E89ABD /* gen_expected1.json in Resources */,
				006597BC11BEEF5400E89ABD /* gen_expected2.json in Resources */,
				006597BD11BEEF5400E89ABD /* object_expected_array.json in Resources */,
				006597BE11BEEF5400E89ABD /* stream_array1.json in Resources */,
				006597BF11BEEF5400E89ABD /* stream_array2.json in Resources */,
				006597C011BEEF5400E89ABD /* error2.json in Resources */,
				006597C111BEEF5400E89ABD /* gen_expected_ignore_unknown1.json in Resources */,
				006597C211BEEF5400E89ABD /* gen_expected_plist1.json in Resources */,
				006597C411BEEF5400E89ABD /* overflow2.json in Resources */,
				006597C511BEEF5400E89ABD /* twitter.json in Resources */,
				006597C611BEEF5400E89ABD /* overflow_longlong.json in Resources */,
				006597C711BEEF5400E89ABD /* document_streaming.json in Resources */,
				00C3CEFC126EAC5700DF710D /* twitter_snowflake.json in Resources */,
			);
			runOnlyForDeploymentPostprocessing = 0;
		};
/* End PBXResourcesBuildPhase section */

/* Begin PBXShellScriptBuildPhase section */
		005887341226360800292C90 /* ShellScript */ = {
			isa = PBXShellScriptBuildPhase;
			buildActionMask = 2147483647;
			files = (
			);
			inputPaths = (
			);
			outputPaths = (
			);
			runOnlyForDeploymentPostprocessing = 0;
			shellPath = /bin/sh;
			shellScript = "# shell script goes here\nexit 0";
		};
		006597E611BEEF5400E89ABD /* ShellScript */ = {
			isa = PBXShellScriptBuildPhase;
			buildActionMask = 2147483647;
			files = (
			);
			inputPaths = (
			);
			outputPaths = (
			);
			runOnlyForDeploymentPostprocessing = 0;
			shellPath = /bin/sh;
			shellScript = ../Tests/RunTests.sh;
		};
/* End PBXShellScriptBuildPhase section */

/* Begin PBXSourcesBuildPhase section */
		0065976A11BEEF4000E89ABD /* Sources */ = {
			isa = PBXSourcesBuildPhase;
			buildActionMask = 2147483647;
			files = (
				0065976B11BEEF4000E89ABD /* YAJLDocument.m in Sources */,
				0065976C11BEEF4000E89ABD /* YAJLParser.m in Sources */,
				0065976D11BEEF4000E89ABD /* NSObject+YAJL.m in Sources */,
				0065976E11BEEF4000E89ABD /* YAJLGen.m in Sources */,
				0065976F11BEEF4000E89ABD /* GTMBase64.m in Sources */,
				00C113FB12111824009C9B51 /* NSBundle+YAJL.m in Sources */,
				005886751226319D00292C90 /* GHNSBundle+Utils.m in Sources */,
				0052CD67126EABC10049CF17 /* yajl.c in Sources */,
				0052CD68126EABC10049CF17 /* yajl_alloc.c in Sources */,
				0052CD6A126EABC10049CF17 /* yajl_buf.c in Sources */,
				0052CD6D126EABC10049CF17 /* yajl_encode.c in Sources */,
				0052CD6F126EABC10049CF17 /* yajl_gen.c in Sources */,
				0052CD70126EABC10049CF17 /* yajl_lex.c in Sources */,
				0052CD72126EABC10049CF17 /* yajl_parser.c in Sources */,
				0052CD74126EABC10049CF17 /* yajl_version.c in Sources */,
			);
			runOnlyForDeploymentPostprocessing = 0;
		};
		0065979111BEEF4800E89ABD /* Sources */ = {
			isa = PBXSourcesBuildPhase;
			buildActionMask = 2147483647;
			files = (
				0065979211BEEF4800E89ABD /* YAJLDocument.m in Sources */,
				0065979311BEEF4800E89ABD /* YAJLParser.m in Sources */,
				0065979411BEEF4800E89ABD /* NSObject+YAJL.m in Sources */,
				0065979511BEEF4800E89ABD /* YAJLGen.m in Sources */,
				0065979611BEEF4800E89ABD /* GTMBase64.m in Sources */,
				00C113FD12111824009C9B51 /* NSBundle+YAJL.m in Sources */,
				005886771226319D00292C90 /* GHNSBundle+Utils.m in Sources */,
				0052CD79126EABC10049CF17 /* yajl.c in Sources */,
				0052CD7A126EABC10049CF17 /* yajl_alloc.c in Sources */,
				0052CD7C126EABC10049CF17 /* yajl_buf.c in Sources */,
				0052CD7F126EABC10049CF17 /* yajl_encode.c in Sources */,
				0052CD81126EABC10049CF17 /* yajl_gen.c in Sources */,
				0052CD82126EABC10049CF17 /* yajl_lex.c in Sources */,
				0052CD84126EABC10049CF17 /* yajl_parser.c in Sources */,
				0052CD86126EABC10049CF17 /* yajl_version.c in Sources */,
			);
			runOnlyForDeploymentPostprocessing = 0;
		};
		006597C811BEEF5400E89ABD /* Sources */ = {
			isa = PBXSourcesBuildPhase;
			buildActionMask = 2147483647;
			files = (
				006597C911BEEF5400E89ABD /* YAJLDocumentTest.m in Sources */,
				006597CA11BEEF5400E89ABD /* YAJLParserTest.m in Sources */,
				006597CD11BEEF5400E89ABD /* YAJLTestCase.m in Sources */,
				006597CE11BEEF5400E89ABD /* NSObject+SBJSON.m in Sources */,
				006597CF11BEEF5400E89ABD /* NSString+SBJSON.m in Sources */,
				006597D011BEEF5400E89ABD /* SBJSONScanner.m in Sources */,
				006597D111BEEF5400E89ABD /* PerfTest.m in Sources */,
				006597D411BEEF5400E89ABD /* NSObjectTest.m in Sources */,
				006597D511BEEF5400E89ABD /* NSStringTest.m in Sources */,
				006597D611BEEF5400E89ABD /* YAJLGenTest.m in Sources */,
				006597D711BEEF5400E89ABD /* NSDataTest.m in Sources */,
				006597DA11BEEF5400E89ABD /* TwitterTest.m in Sources */,
				006597DB11BEEF5400E89ABD /* YAJLDocumentDelegateTest.m in Sources */,
				005886941226329100292C90 /* NSBundleTest.m in Sources */,
				0058870E1226353B00292C90 /* main.m in Sources */,
			);
			runOnlyForDeploymentPostprocessing = 0;
		};
/* End PBXSourcesBuildPhase section */

/* Begin PBXTargetDependency section */
		006597EE11BEEF6900E89ABD /* PBXTargetDependency */ = {
			isa = PBXTargetDependency;
			target = 0065977F11BEEF4800E89ABD /* YAJLiOS (Simulator) */;
			targetProxy = 006597ED11BEEF6900E89ABD /* PBXContainerItemProxy */;
		};
/* End PBXTargetDependency section */

/* Begin XCBuildConfiguration section */
		005887361226360800292C90 /* Debug */ = {
			isa = XCBuildConfiguration;
			buildSettings = {
				COPY_PHASE_STRIP = NO;
				GCC_DYNAMIC_NO_PIC = NO;
				GCC_OPTIMIZATION_LEVEL = 0;
				PRODUCT_NAME = "Run make to build";
			};
			name = Debug;
		};
		005887371226360800292C90 /* Release */ = {
			isa = XCBuildConfiguration;
			buildSettings = {
				COPY_PHASE_STRIP = YES;
				DEBUG_INFORMATION_FORMAT = "dwarf-with-dsym";
				PRODUCT_NAME = "Run make to build";
				ZERO_LINK = NO;
			};
			name = Release;
		};
		0065977A11BEEF4000E89ABD /* Debug */ = {
			isa = XCBuildConfiguration;
			baseConfigurationReference = 00C4052E0FE77688003CE908 /* Shared-iOS.xcconfig */;
			buildSettings = {
				PRODUCT_NAME = YAJLiOSDevice;
			};
			name = Debug;
		};
		0065977B11BEEF4000E89ABD /* Release */ = {
			isa = XCBuildConfiguration;
			baseConfigurationReference = 00C4052E0FE77688003CE908 /* Shared-iOS.xcconfig */;
			buildSettings = {
				PRODUCT_NAME = YAJLiOSDevice;
			};
			name = Release;
		};
		006597AA11BEEF4800E89ABD /* Debug */ = {
			isa = XCBuildConfiguration;
			baseConfigurationReference = 00C4052E0FE77688003CE908 /* Shared-iOS.xcconfig */;
			buildSettings = {
				INFOPLIST_FILE = "Info copy.plist";
				PRODUCT_NAME = YAJLiOSSimulator;
			};
			name = Debug;
		};
		006597AB11BEEF4800E89ABD /* Release */ = {
			isa = XCBuildConfiguration;
			baseConfigurationReference = 00C4052E0FE77688003CE908 /* Shared-iOS.xcconfig */;
			buildSettings = {
				PRODUCT_NAME = YAJLiOSSimulator;
			};
			name = Release;
		};
		006597E811BEEF5400E89ABD /* Debug */ = {
			isa = XCBuildConfiguration;
			baseConfigurationReference = 00C4052E0FE77688003CE908 /* Shared-iOS.xcconfig */;
			buildSettings = {
				ALWAYS_SEARCH_USER_PATHS = NO;
				CODE_SIGN_IDENTITY = "iPhone Developer";
				COPY_PHASE_STRIP = NO;
				FRAMEWORK_SEARCH_PATHS = (
					"$(inherited)",
					"\"$(SRCROOT)/Libraries\"",
				);
				GCC_DYNAMIC_NO_PIC = NO;
				GCC_OPTIMIZATION_LEVEL = 0;
				GCC_PRECOMPILE_PREFIX_HEADER = YES;
				GCC_PREFIX_HEADER = Tests_Prefix.pch;
				INFOPLIST_FILE = "Tests-Info.plist";
				INSTALL_PATH = "$(HOME)/Applications";
				PRODUCT_NAME = Tests;
			};
			name = Debug;
		};
		006597E911BEEF5400E89ABD /* Release */ = {
			isa = XCBuildConfiguration;
			baseConfigurationReference = 00C4052E0FE77688003CE908 /* Shared-iOS.xcconfig */;
			buildSettings = {
				ALWAYS_SEARCH_USER_PATHS = NO;
				CODE_SIGN_IDENTITY = "iPhone Developer";
				COPY_PHASE_STRIP = YES;
				DEBUG_INFORMATION_FORMAT = "dwarf-with-dsym";
				FRAMEWORK_SEARCH_PATHS = (
					"$(inherited)",
					"\"$(SRCROOT)/Libraries\"",
				);
				GCC_PRECOMPILE_PREFIX_HEADER = YES;
				GCC_PREFIX_HEADER = Tests_Prefix.pch;
				INFOPLIST_FILE = "Tests-Info.plist";
				INSTALL_PATH = "$(HOME)/Applications";
				PRODUCT_NAME = Tests;
				ZERO_LINK = NO;
			};
			name = Release;
		};
		1DEB922308733DC00010E9CD /* Debug */ = {
			isa = XCBuildConfiguration;
			buildSettings = {
				ARCHS = "$(ARCHS_STANDARD_32_BIT)";
				GCC_C_LANGUAGE_STANDARD = c99;
				GCC_OPTIMIZATION_LEVEL = 0;
				GCC_WARN_ABOUT_RETURN_TYPE = YES;
				GCC_WARN_UNUSED_VARIABLE = YES;
				OTHER_LDFLAGS = "-ObjC";
				SDKROOT = iphoneos;
			};
			name = Debug;
		};
		1DEB922408733DC00010E9CD /* Release */ = {
			isa = XCBuildConfiguration;
			buildSettings = {
				ARCHS = "$(ARCHS_STANDARD_32_BIT)";
				GCC_C_LANGUAGE_STANDARD = c99;
				GCC_WARN_ABOUT_RETURN_TYPE = YES;
				GCC_WARN_UNUSED_VARIABLE = YES;
				OTHER_LDFLAGS = "-ObjC";
				SDKROOT = iphoneos;
			};
			name = Release;
		};
/* End XCBuildConfiguration section */

/* Begin XCConfigurationList section */
		005887381226363300292C90 /* Build configuration list for PBXAggregateTarget "Run make to build framework" */ = {
			isa = XCConfigurationList;
			buildConfigurations = (
				005887361226360800292C90 /* Debug */,
				005887371226360800292C90 /* Release */,
			);
			defaultConfigurationIsVisible = 0;
			defaultConfigurationName = Release;
		};
		0065977911BEEF4000E89ABD /* Build configuration list for PBXNativeTarget "YAJLiOS (Device)" */ = {
			isa = XCConfigurationList;
			buildConfigurations = (
				0065977A11BEEF4000E89ABD /* Debug */,
				0065977B11BEEF4000E89ABD /* Release */,
			);
			defaultConfigurationIsVisible = 0;
			defaultConfigurationName = Release;
		};
		006597A911BEEF4800E89ABD /* Build configuration list for PBXNativeTarget "YAJLiOS (Simulator)" */ = {
			isa = XCConfigurationList;
			buildConfigurations = (
				006597AA11BEEF4800E89ABD /* Debug */,
				006597AB11BEEF4800E89ABD /* Release */,
			);
			defaultConfigurationIsVisible = 0;
			defaultConfigurationName = Release;
		};
		006597E711BEEF5400E89ABD /* Build configuration list for PBXNativeTarget "Tests" */ = {
			isa = XCConfigurationList;
			buildConfigurations = (
				006597E811BEEF5400E89ABD /* Debug */,
				006597E911BEEF5400E89ABD /* Release */,
			);
			defaultConfigurationIsVisible = 0;
			defaultConfigurationName = Release;
		};
		1DEB922208733DC00010E9CD /* Build configuration list for PBXProject "YAJLiOS" */ = {
			isa = XCConfigurationList;
			buildConfigurations = (
				1DEB922308733DC00010E9CD /* Debug */,
				1DEB922408733DC00010E9CD /* Release */,
			);
			defaultConfigurationIsVisible = 0;
			defaultConfigurationName = Release;
		};
/* End XCConfigurationList section */
	};
	rootObject = 0867D690FE84028FC02AAC07 /* Project object */;
}
